<?xml version="1.0" encoding="utf-8"?>
<Project ToolsVersion="4.0" xmlns="http://schemas.microsoft.com/developer/msbuild/2003">
  <ItemGroup>
    <Filter Include="Source Files">
      <UniqueIdentifier>{4FC737F1-C7A5-4376-A066-2A32D752A2FF}</UniqueIdentifier>
      <Extensions>cpp;c;cc;cxx;def;odl;idl;hpj;bat;asm;asmx</Extensions>
    </Filter>
    <Filter Include="Header Files">
      <UniqueIdentifier>{93995380-89BD-4b04-88EB-625FBE52EBFB}</UniqueIdentifier>
      <Extensions>h;hpp;hxx;hm;inl;inc;xsd</Extensions>
    </Filter>
    <Filter Include="Resource Files">
      <UniqueIdentifier>{67DA6AB6-F800-4c08-8B7A-83BB121AAD01}</UniqueIdentifier>
      <Extensions>rc;ico;cur;bmp;dlg;rc2;rct;bin;rgs;gif;jpg;jpeg;jpe;resx;tiff;tif;png;wav;mfcribbon-ms</Extensions>
    </Filter>
    <Filter Include="Source Files\Formula">
      <UniqueIdentifier>{56c4559e-f506-416d-8ca9-4d8593103b77}</UniqueIdentifier>
    </Filter>
    <Filter Include="Source Files\Input">
      <UniqueIdentifier>{3a049bec-8307-4040-83aa-3fa6440dcf51}</UniqueIdentifier>
    </Filter>
    <Filter Include="Source Files\Formula\Containers">
      <UniqueIdentifier>{132f5ad1-ec44-48d6-94e1-550dc55ff17f}</UniqueIdentifier>
    </Filter>
    <Filter Include="Source Files\Formula\Atomic">
      <UniqueIdentifier>{25cb342a-41d5-4223-95ca-c805476def27}</UniqueIdentifier>
    </Filter>
    <Filter Include="Source Files\Formula\Compound">
      <UniqueIdentifier>{d13c5252-b321-4205-a90f-f33d43cd7293}</UniqueIdentifier>
    </Filter>
    <Filter Include="Source Files\Algorithm">
      <UniqueIdentifier>{32e11246-8c7f-4e8a-a2cf-b47e5f5dea83}</UniqueIdentifier>
    </Filter>
    <Filter Include="Source Files\Formula\Containers\Sets">
      <UniqueIdentifier>{36c57eff-3889-44a6-9587-4351edacd0f4}</UniqueIdentifier>
    </Filter>
  </ItemGroup>
  <ItemGroup>
    <ClInclude Include="src\Input\FormulaParser.h">
      <Filter>Source Files\Input</Filter>
    </ClInclude>
    <ClInclude Include="src\Formula\Atomic\AtomicFormula.h">
      <Filter>Source Files\Formula\Atomic</Filter>
    </ClInclude>
    <ClInclude Include="src\Formula\Atomic\FalseFormula.h">
      <Filter>Source Files\Formula\Atomic</Filter>
    </ClInclude>
    <ClInclude Include="src\Formula\Atomic\TempFormula.h">
      <Filter>Source Files\Formula\Atomic</Filter>
    </ClInclude>
    <ClInclude Include="src\Formula\Compound\Axiom.h">
      <Filter>Source Files\Formula\Compound</Filter>
    </ClInclude>
    <ClInclude Include="src\Formula\Compound\ImplicationFormula.h">
      <Filter>Source Files\Formula\Compound</Filter>
    </ClInclude>
    <ClInclude Include="src\Formula\Containers\AFormulaTable.h">
      <Filter>Source Files\Formula\Containers</Filter>
    </ClInclude>
    <ClInclude Include="src\Formula\Containers\AxiomContainer.h">
      <Filter>Source Files\Formula\Containers</Filter>
    </ClInclude>
    <ClInclude Include="src\Formula\Containers\HilbertAxioms.h">
      <Filter>Source Files\Formula\Containers</Filter>
    </ClInclude>
    <ClInclude Include="src\Formula\IFormula.h">
      <Filter>Source Files\Formula</Filter>
    </ClInclude>
    <ClInclude Include="src\Algorithm\General.h">
      <Filter>Source Files\Algorithm</Filter>
    </ClInclude>
    <ClInclude Include="src\Formula\Containers\FormulaWrapper.h">
      <Filter>Source Files\Formula\Containers</Filter>
    </ClInclude>
    <ClInclude Include="src\Formula\Containers\Sets\FormulaSetList.h">
      <Filter>Source Files\Formula\Containers\Sets</Filter>
    </ClInclude>
    <ClInclude Include="src\Formula\Containers\Sets\FormulaSetPriority.h">
      <Filter>Source Files\Formula\Containers\Sets</Filter>
    </ClInclude>
    <ClInclude Include="src\Formula\Containers\Sets\FormulaSetVector.h">
      <Filter>Source Files\Formula\Containers\Sets</Filter>
    </ClInclude>
    <ClInclude Include="src\Formula\Containers\Sets\IFormulaSet.h">
      <Filter>Source Files\Formula\Containers\Sets</Filter>
    </ClInclude>
    <ClInclude Include="src\Algorithm\AlgorithmBase.h">
      <Filter>Source Files\Algorithm</Filter>
    </ClInclude>
    <ClInclude Include="src\HilbertIncludes.h">
      <Filter>Source Files</Filter>
    </ClInclude>
    <ClInclude Include="src\Algorithm\Algorithm0x03.h">
      <Filter>Source Files\Algorithm</Filter>
    </ClInclude>
    <ClInclude Include="src\Algorithm\Algorithm0x00.h">
      <Filter>Source Files\Algorithm</Filter>
    </ClInclude>
  </ItemGroup>
  <ItemGroup>
    <ClCompile Include="src\Input\FormulaParser.cpp">
      <Filter>Source Files\Input</Filter>
    </ClCompile>
    <ClCompile Include="src\Formula\Atomic\AtomicFormula.cpp">
      <Filter>Source Files\Formula\Atomic</Filter>
    </ClCompile>
    <ClCompile Include="src\Formula\Atomic\FalseFormula.cpp">
      <Filter>Source Files\Formula\Atomic</Filter>
    </ClCompile>
    <ClCompile Include="src\Formula\Atomic\TempFormula.cpp">
      <Filter>Source Files\Formula\Atomic</Filter>
    </ClCompile>
    <ClCompile Include="src\Formula\Compound\Axiom.cpp">
      <Filter>Source Files\Formula\Compound</Filter>
    </ClCompile>
    <ClCompile Include="src\Formula\Compound\ImplicationFormula.cpp">
      <Filter>Source Files\Formula\Compound</Filter>
    </ClCompile>
    <ClCompile Include="src\Formula\Containers\AFormulaTable.cpp">
      <Filter>Source Files\Formula\Containers</Filter>
    </ClCompile>
    <ClCompile Include="src\Formula\Containers\AxiomContainer.cpp">
      <Filter>Source Files\Formula\Containers</Filter>
    </ClCompile>
    <ClCompile Include="src\Formula\Containers\HilbertAxioms.cpp">
      <Filter>Source Files\Formula\Containers</Filter>
    </ClCompile>
    <ClCompile Include="src\Algorithm\General.cpp">
      <Filter>Source Files\Algorithm</Filter>
    </ClCompile>
    <ClCompile Include="src\Formula\Containers\FormulaWrapper.cpp">
      <Filter>Source Files\Formula\Containers</Filter>
    </ClCompile>
    <ClCompile Include="src\Formula\Containers\Sets\FormulaSetList.cpp">
      <Filter>Source Files\Formula\Containers\Sets</Filter>
    </ClCompile>
    <ClCompile Include="src\Formula\Containers\Sets\FormulaSetVector.cpp">
      <Filter>Source Files\Formula\Containers\Sets</Filter>
    </ClCompile>
    <ClCompile Include="src\Algorithm\AlgorithmBase.cpp">
      <Filter>Source Files\Algorithm</Filter>
    </ClCompile>
    <ClCompile Include="src\Algorithm\Algorithm0x03.cpp">
      <Filter>Source Files\Algorithm</Filter>
    </ClCompile>
    <ClCompile Include="src\Algorithm\Algorithm0x00.cpp">
      <Filter>Source Files\Algorithm</Filter>
    </ClCompile>
  </ItemGroup>
</Project>